
Microsoft Visual Studio Solution File, Format Version 12.00
Project("{FAE04EC0-301F-11D3-BF4B-00C04F79EFBC}") = "LongTrainVariationAssetPack", "LongTrainVariationAssetPack\LongTrainVariationAssetPack.csproj", "{D9370E4F-F724-4E52-8E6A-647B724C6DAB}"
EndProject
Project("{FAE04EC0-301F-11D3-BF4B-00C04F79EFBC}") = "CrossedThemeTrainVariationAssetPack", "CombinedThemeTrainVariationAssetPack\CrossedThemeTrainVariationAssetPack.csproj", "{CF1DAD90-4E60-463B-A47B-527BB5FA1583}"
EndProject
Project("{FAE04EC0-301F-11D3-BF4B-00C04F79EFBC}") = "SubwayVariationAssetPack", "SubwayVariationAssetPack\SubwayVariationAssetPack.csproj", "{3F6A31A8-EB9B-4BC5-BB1B-D3777360CD30}"
EndProject
Project("{FAE04EC0-301F-11D3-BF4B-00C04F79EFBC}") = "TramVariationAssetPack", "TramVariationAssetPack\TramVariationAssetPack.csproj", "{1E86FCD7-632F-4ADB-8656-1873AB98BFDD}"
EndProject
Project("{FAE04EC0-301F-11D3-BF4B-00C04F79EFBC}") = "TrainVariationAssetPack", "TrainVariationAssetPack\TrainVariationAssetPack.csproj", "{8D2A33D5-DF65-4B2D-83B4-256F1E601A55}"
EndProject
Global
	GlobalSection(SolutionConfigurationPlatforms) = preSolution
		Debug|Any CPU = Debug|Any CPU
		Release|Any CPU = Release|Any CPU
	EndGlobalSection
	GlobalSection(ProjectConfigurationPlatforms) = postSolution
		{D9370E4F-F724-4E52-8E6A-647B724C6DAB}.Debug|Any CPU.ActiveCfg = Debug|Any CPU
		{D9370E4F-F724-4E52-8E6A-647B724C6DAB}.Debug|Any CPU.Build.0 = Debug|Any CPU
		{D9370E4F-F724-4E52-8E6A-647B724C6DAB}.Release|Any CPU.ActiveCfg = Release|Any CPU
		{D9370E4F-F724-4E52-8E6A-647B724C6DAB}.Release|Any CPU.Build.0 = Release|Any CPU
		{CF1DAD90-4E60-463B-A47B-527BB5FA1583}.Debug|Any CPU.ActiveCfg = Debug|Any CPU
		{CF1DAD90-4E60-463B-A47B-527BB5FA1583}.Debug|Any CPU.Build.0 = Debug|Any CPU
		{CF1DAD90-4E60-463B-A47B-527BB5FA1583}.Release|Any CPU.ActiveCfg = Release|Any CPU
		{CF1DAD90-4E60-463B-A47B-527BB5FA1583}.Release|Any CPU.Build.0 = Release|Any CPU
		{3F6A31A8-EB9B-4BC5-BB1B-D3777360CD30}.Debug|Any CPU.ActiveCfg = Debug|Any CPU
		{3F6A31A8-EB9B-4BC5-BB1B-D3777360CD30}.Debug|Any CPU.Build.0 = Debug|Any CPU
		{3F6A31A8-EB9B-4BC5-BB1B-D3777360CD30}.Release|Any CPU.ActiveCfg = Release|Any CPU
		{3F6A31A8-EB9B-4BC5-BB1B-D3777360CD30}.Release|Any CPU.Build.0 = Release|Any CPU
		{1E86FCD7-632F-4ADB-8656-1873AB98BFDD}.Debug|Any CPU.ActiveCfg = Debug|Any CPU
		{1E86FCD7-632F-4ADB-8656-1873AB98BFDD}.Debug|Any CPU.Build.0 = Debug|Any CPU
		{1E86FCD7-632F-4ADB-8656-1873AB98BFDD}.Release|Any CPU.ActiveCfg = Release|Any CPU
		{1E86FCD7-632F-4ADB-8656-1873AB98BFDD}.Release|Any CPU.Build.0 = Release|Any CPU
		{8D2A33D5-DF65-4B2D-83B4-256F1E601A55}.Debug|Any CPU.ActiveCfg = Debug|Any CPU
		{8D2A33D5-DF65-4B2D-83B4-256F1E601A55}.Debug|Any CPU.Build.0 = Debug|Any CPU
		{8D2A33D5-DF65-4B2D-83B4-256F1E601A55}.Release|Any CPU.ActiveCfg = Release|Any CPU
		{8D2A33D5-DF65-4B2D-83B4-256F1E601A55}.Release|Any CPU.Build.0 = Release|Any CPU
	EndGlobalSection
EndGlobal
